
Microsoft Visual Studio Solution File, Format Version 12.00
# Visual Studio Version 17
VisualStudioVersion = 17.9.34723.18
MinimumVisualStudioVersion = 10.0.40219.1
Project("{9092AA53-FB77-4645-B42D-1CCCA6BD08BD}") = "Flowers Backend", "Flowers Backend\Flowers Backend.njsproj", "{837F3F33-D06A-42BC-BA77-9EBC5A1F35E3}"
EndProject
Global
	GlobalSection(SolutionConfigurationPlatforms) = preSolution
		Debug|Any CPU = Debug|Any CPU
		Release|Any CPU = Release|Any CPU
	EndGlobalSection
	GlobalSection(ProjectConfigurationPlatforms) = postSolution
		{837F3F33-D06A-42BC-BA77-9EBC5A1F35E3}.Debug|Any CPU.ActiveCfg = Debug|Any CPU
		{837F3F33-D06A-42BC-BA77-9EBC5A1F35E3}.Debug|Any CPU.Build.0 = Debug|Any CPU
		{837F3F33-D06A-42BC-BA77-9EBC5A1F35E3}.Release|Any CPU.ActiveCfg = Release|Any CPU
		{837F3F33-D06A-42BC-BA77-9EBC5A1F35E3}.Release|Any CPU.Build.0 = Release|Any CPU
	EndGlobalSection
	GlobalSection(SolutionProperties) = preSolution
		HideSolutionNode = FALSE
	EndGlobalSection
	GlobalSection(ExtensibilityGlobals) = postSolution
		SolutionGuid = {E7B2EA57-917C-42C2-A06C-0D3324B4649B}
	EndGlobalSection
EndGlobal
